// !$*UTF8*$!
{
	archiveVersion = 1;
	classes = {
	};
	objectVersion = 46;
	objects = {

/* Begin PBXBuildFile section */
		64CFD56C152D8AFC0097BCBA /* Foundation.framework in Frameworks */ = {isa = PBXBuildFile; fileRef = 64CFD56B152D8AFC0097BCBA /* Foundation.framework */; };
		64CFD56E152D8AFC0097BCBA /* UIKit.framework in Frameworks */ = {isa = PBXBuildFile; fileRef = 64CFD56D152D8AFC0097BCBA /* UIKit.framework */; };
		64CFD570152D8AFC0097BCBA /* CoreGraphics.framework in Frameworks */ = {isa = PBXBuildFile; fileRef = 64CFD56F152D8AFC0097BCBA /* CoreGraphics.framework */; };
		64CFD572152D8AFC0097BCBA /* AddressBook.framework in Frameworks */ = {isa = PBXBuildFile; fileRef = 64CFD571152D8AFC0097BCBA /* AddressBook.framework */; };
		64CFD574152D8AFC0097BCBA /* AddressBookUI.framework in Frameworks */ = {isa = PBXBuildFile; fileRef = 64CFD573152D8AFC0097BCBA /* AddressBookUI.framework */; };
		64CFD576152D8AFC0097BCBA /* AudioToolbox.framework in Frameworks */ = {isa = PBXBuildFile; fileRef = 64CFD575152D8AFC0097BCBA /* AudioToolbox.framework */; };
		64CFD578152D8AFC0097BCBA /* AVFoundation.framework in Frameworks */ = {isa = PBXBuildFile; fileRef = 64CFD577152D8AFC0097BCBA /* AVFoundation.framework */; };
		64CFD57A152D8AFC0097BCBA /* CoreLocation.framework in Frameworks */ = {isa = PBXBuildFile; fileRef = 64CFD579152D8AFC0097BCBA /* CoreLocation.framework */; };
		64CFD57C152D8AFC0097BCBA /* MediaPlayer.framework in Frameworks */ = {isa = PBXBuildFile; fileRef = 64CFD57B152D8AFC0097BCBA /* MediaPlayer.framework */; };
		64CFD57E152D8AFC0097BCBA /* QuartzCore.framework in Frameworks */ = {isa = PBXBuildFile; fileRef = 64CFD57D152D8AFC0097BCBA /* QuartzCore.framework */; };
		64CFD580152D8AFC0097BCBA /* SystemConfiguration.framework in Frameworks */ = {isa = PBXBuildFile; fileRef = 64CFD57F152D8AFC0097BCBA /* SystemConfiguration.framework */; };
		64CFD582152D8AFC0097BCBA /* MobileCoreServices.framework in Frameworks */ = {isa = PBXBuildFile; fileRef = 64CFD581152D8AFC0097BCBA /* MobileCoreServices.framework */; };
		64CFD584152D8AFC0097BCBA /* CoreMedia.framework in Frameworks */ = {isa = PBXBuildFile; fileRef = 64CFD583152D8AFC0097BCBA /* CoreMedia.framework */; };
		64CFD58A152D8AFD0097BCBA /* InfoPlist.strings in Resources */ = {isa = PBXBuildFile; fileRef = 64CFD588152D8AFD0097BCBA /* InfoPlist.strings */; };
		64CFD58C152D8AFD0097BCBA /* main.m in Sources */ = {isa = PBXBuildFile; fileRef = 64CFD58B152D8AFD0097BCBA /* main.m */; };
		64CFD58F152D8AFD0097BCBA /* Cordova.framework in Frameworks */ = {isa = PBXBuildFile; fileRef = 64CFD58E152D8AFD0097BCBA /* Cordova.framework */; };
		64CFD594152D8AFD0097BCBA /* Localizable.strings in Resources */ = {isa = PBXBuildFile; fileRef = 64CFD592152D8AFD0097BCBA /* Localizable.strings */; };
		64CFD598152D8AFD0097BCBA /* Localizable.strings in Resources */ = {isa = PBXBuildFile; fileRef = 64CFD596152D8AFD0097BCBA /* Localizable.strings */; };
		64CFD59C152D8AFD0097BCBA /* Localizable.strings in Resources */ = {isa = PBXBuildFile; fileRef = 64CFD59A152D8AFD0097BCBA /* Localizable.strings */; };
		64CFD5A0152D8AFD0097BCBA /* Localizable.strings in Resources */ = {isa = PBXBuildFile; fileRef = 64CFD59E152D8AFD0097BCBA /* Localizable.strings */; };
		64CFD5A3152D8AFD0097BCBA /* icon.png in Resources */ = {isa = PBXBuildFile; fileRef = 64CFD5A2152D8AFD0097BCBA /* icon.png */; };
		64CFD5A5152D8AFD0097BCBA /* icon@2x.png in Resources */ = {isa = PBXBuildFile; fileRef = 64CFD5A4152D8AFD0097BCBA /* icon@2x.png */; };
		64CFD5A7152D8AFD0097BCBA /* icon-72.png in Resources */ = {isa = PBXBuildFile; fileRef = 64CFD5A6152D8AFD0097BCBA /* icon-72.png */; };
		64CFD5AA152D8AFD0097BCBA /* Default.png in Resources */ = {isa = PBXBuildFile; fileRef = 64CFD5A9152D8AFD0097BCBA /* Default.png */; };
		64CFD5AC152D8AFD0097BCBA /* Default@2x.png in Resources */ = {isa = PBXBuildFile; fileRef = 64CFD5AB152D8AFD0097BCBA /* Default@2x.png */; };
		64CFD5AE152D8AFD0097BCBA /* Capture.bundle in Resources */ = {isa = PBXBuildFile; fileRef = 64CFD5AD152D8AFD0097BCBA /* Capture.bundle */; };
		64CFD5B0152D8AFD0097BCBA /* Cordova.plist in Resources */ = {isa = PBXBuildFile; fileRef = 64CFD5AF152D8AFD0097BCBA /* Cordova.plist */; };
		64CFD5B4152D8AFD0097BCBA /* AppDelegate.m in Sources */ = {isa = PBXBuildFile; fileRef = 64CFD5B3152D8AFD0097BCBA /* AppDelegate.m */; };
		64CFD5B7152D8AFD0097BCBA /* MainViewController.m in Sources */ = {isa = PBXBuildFile; fileRef = 64CFD5B6152D8AFD0097BCBA /* MainViewController.m */; };
		64CFD5B9152D8AFD0097BCBA /* MainViewController.xib in Resources */ = {isa = PBXBuildFile; fileRef = 64CFD5B8152D8AFD0097BCBA /* MainViewController.xib */; };
		64CFD5BD152D8AFD0097BCBA /* verify.sh in Resources */ = {isa = PBXBuildFile; fileRef = 64CFD5BC152D8AFD0097BCBA /* verify.sh */; };
/* End PBXBuildFile section */

/* Begin PBXFileReference section */
		64CFD567152D8AFC0097BCBA /* SODiPhone.app */ = {isa = PBXFileReference; explicitFileType = wrapper.application; includeInIndex = 0; path = SODiPhone.app; sourceTree = BUILT_PRODUCTS_DIR; };
		64CFD56B152D8AFC0097BCBA /* Foundation.framework */ = {isa = PBXFileReference; lastKnownFileType = wrapper.framework; name = Foundation.framework; path = System/Library/Frameworks/Foundation.framework; sourceTree = SDKROOT; };
		64CFD56D152D8AFC0097BCBA /* UIKit.framework */ = {isa = PBXFileReference; lastKnownFileType = wrapper.framework; name = UIKit.framework; path = System/Library/Frameworks/UIKit.framework; sourceTree = SDKROOT; };
		64CFD56F152D8AFC0097BCBA /* CoreGraphics.framework */ = {isa = PBXFileReference; lastKnownFileType = wrapper.framework; name = CoreGraphics.framework; path = System/Library/Frameworks/CoreGraphics.framework; sourceTree = SDKROOT; };
		64CFD571152D8AFC0097BCBA /* AddressBook.framework */ = {isa = PBXFileReference; lastKnownFileType = wrapper.framework; name = AddressBook.framework; path = System/Library/Frameworks/AddressBook.framework; sourceTree = SDKROOT; };
		64CFD573152D8AFC0097BCBA /* AddressBookUI.framework */ = {isa = PBXFileReference; lastKnownFileType = wrapper.framework; name = AddressBookUI.framework; path = System/Library/Frameworks/AddressBookUI.framework; sourceTree = SDKROOT; };
		64CFD575152D8AFC0097BCBA /* AudioToolbox.framework */ = {isa = PBXFileReference; lastKnownFileType = wrapper.framework; name = AudioToolbox.framework; path = System/Library/Frameworks/AudioToolbox.framework; sourceTree = SDKROOT; };
		64CFD577152D8AFC0097BCBA /* AVFoundation.framework */ = {isa = PBXFileReference; lastKnownFileType = wrapper.framework; name = AVFoundation.framework; path = System/Library/Frameworks/AVFoundation.framework; sourceTree = SDKROOT; };
		64CFD579152D8AFC0097BCBA /* CoreLocation.framework */ = {isa = PBXFileReference; lastKnownFileType = wrapper.framework; name = CoreLocation.framework; path = System/Library/Frameworks/CoreLocation.framework; sourceTree = SDKROOT; };
		64CFD57B152D8AFC0097BCBA /* MediaPlayer.framework */ = {isa = PBXFileReference; lastKnownFileType = wrapper.framework; name = MediaPlayer.framework; path = System/Library/Frameworks/MediaPlayer.framework; sourceTree = SDKROOT; };
		64CFD57D152D8AFC0097BCBA /* QuartzCore.framework */ = {isa = PBXFileReference; lastKnownFileType = wrapper.framework; name = QuartzCore.framework; path = System/Library/Frameworks/QuartzCore.framework; sourceTree = SDKROOT; };
		64CFD57F152D8AFC0097BCBA /* SystemConfiguration.framework */ = {isa = PBXFileReference; lastKnownFileType = wrapper.framework; name = SystemConfiguration.framework; path = System/Library/Frameworks/SystemConfiguration.framework; sourceTree = SDKROOT; };
		64CFD581152D8AFC0097BCBA /* MobileCoreServices.framework */ = {isa = PBXFileReference; lastKnownFileType = wrapper.framework; name = MobileCoreServices.framework; path = System/Library/Frameworks/MobileCoreServices.framework; sourceTree = SDKROOT; };
		64CFD583152D8AFC0097BCBA /* CoreMedia.framework */ = {isa = PBXFileReference; lastKnownFileType = wrapper.framework; name = CoreMedia.framework; path = System/Library/Frameworks/CoreMedia.framework; sourceTree = SDKROOT; };
		64CFD587152D8AFD0097BCBA /* SODiPhone-Info.plist */ = {isa = PBXFileReference; lastKnownFileType = text.plist.xml; path = "SODiPhone-Info.plist"; sourceTree = "<group>"; };
		64CFD589152D8AFD0097BCBA /* en */ = {isa = PBXFileReference; lastKnownFileType = text.plist.strings; name = en; path = en.lproj/InfoPlist.strings; sourceTree = "<group>"; };
		64CFD58B152D8AFD0097BCBA /* main.m */ = {isa = PBXFileReference; lastKnownFileType = sourcecode.c.objc; path = main.m; sourceTree = "<group>"; };
		64CFD58D152D8AFD0097BCBA /* SODiPhone-Prefix.pch */ = {isa = PBXFileReference; lastKnownFileType = sourcecode.c.h; path = "SODiPhone-Prefix.pch"; sourceTree = "<group>"; };
		64CFD58E152D8AFD0097BCBA /* Cordova.framework */ = {isa = PBXFileReference; lastKnownFileType = wrapper.framework; name = Cordova.framework; path = /Users/Shared/Cordova/Frameworks/Cordova.framework; sourceTree = "<absolute>"; };
		64CFD593152D8AFD0097BCBA /* en */ = {isa = PBXFileReference; lastKnownFileType = text.plist.strings; name = en; path = Resources/en.lproj/Localizable.strings; sourceTree = "<group>"; };
		64CFD597152D8AFD0097BCBA /* es */ = {isa = PBXFileReference; lastKnownFileType = text.plist.strings; name = es; path = Resources/es.lproj/Localizable.strings; sourceTree = "<group>"; };
		64CFD59B152D8AFD0097BCBA /* de */ = {isa = PBXFileReference; lastKnownFileType = text.plist.strings; name = de; path = Resources/de.lproj/Localizable.strings; sourceTree = "<group>"; };
		64CFD59F152D8AFD0097BCBA /* se */ = {isa = PBXFileReference; lastKnownFileType = text.plist.strings; name = se; path = Resources/se.lproj/Localizable.strings; sourceTree = "<group>"; };
		64CFD5A2152D8AFD0097BCBA /* icon.png */ = {isa = PBXFileReference; lastKnownFileType = image.png; name = icon.png; path = Resources/icons/icon.png; sourceTree = "<group>"; };
		64CFD5A4152D8AFD0097BCBA /* icon@2x.png */ = {isa = PBXFileReference; lastKnownFileType = image.png; name = "icon@2x.png"; path = "Resources/icons/icon@2x.png"; sourceTree = "<group>"; };
		64CFD5A6152D8AFD0097BCBA /* icon-72.png */ = {isa = PBXFileReference; lastKnownFileType = image.png; name = "icon-72.png"; path = "Resources/icons/icon-72.png"; sourceTree = "<group>"; };
		64CFD5A9152D8AFD0097BCBA /* Default.png */ = {isa = PBXFileReference; lastKnownFileType = image.png; name = Default.png; path = Resources/splash/Default.png; sourceTree = "<group>"; };
		64CFD5AB152D8AFD0097BCBA /* Default@2x.png */ = {isa = PBXFileReference; lastKnownFileType = image.png; name = "Default@2x.png"; path = "Resources/splash/Default@2x.png"; sourceTree = "<group>"; };
		64CFD5AD152D8AFD0097BCBA /* Capture.bundle */ = {isa = PBXFileReference; lastKnownFileType = "wrapper.plug-in"; name = Capture.bundle; path = Resources/Capture.bundle; sourceTree = "<group>"; };
		64CFD5AF152D8AFD0097BCBA /* Cordova.plist */ = {isa = PBXFileReference; lastKnownFileType = text.plist.xml; path = Cordova.plist; sourceTree = "<group>"; };
		64CFD5B2152D8AFD0097BCBA /* AppDelegate.h */ = {isa = PBXFileReference; lastKnownFileType = sourcecode.c.h; name = AppDelegate.h; path = Classes/AppDelegate.h; sourceTree = "<group>"; };
		64CFD5B3152D8AFD0097BCBA /* AppDelegate.m */ = {isa = PBXFileReference; lastKnownFileType = sourcecode.c.objc; name = AppDelegate.m; path = Classes/AppDelegate.m; sourceTree = "<group>"; };
		64CFD5B5152D8AFD0097BCBA /* MainViewController.h */ = {isa = PBXFileReference; lastKnownFileType = sourcecode.c.h; name = MainViewController.h; path = Classes/MainViewController.h; sourceTree = "<group>"; };
		64CFD5B6152D8AFD0097BCBA /* MainViewController.m */ = {isa = PBXFileReference; lastKnownFileType = sourcecode.c.objc; name = MainViewController.m; path = Classes/MainViewController.m; sourceTree = "<group>"; };
		64CFD5B8152D8AFD0097BCBA /* MainViewController.xib */ = {isa = PBXFileReference; lastKnownFileType = file.xib; name = MainViewController.xib; path = Classes/MainViewController.xib; sourceTree = "<group>"; };
		64CFD5BB152D8AFD0097BCBA /* README */ = {isa = PBXFileReference; lastKnownFileType = text; name = README; path = Plugins/README; sourceTree = "<group>"; };
		64CFD5BC152D8AFD0097BCBA /* verify.sh */ = {isa = PBXFileReference; lastKnownFileType = text.script.sh; path = verify.sh; sourceTree = "<group>"; };
/* End PBXFileReference section */

/* Begin PBXFrameworksBuildPhase section */
		64CFD561152D8AFC0097BCBA /* Frameworks */ = {
			isa = PBXFrameworksBuildPhase;
			buildActionMask = 2147483647;
			files = (
				64CFD56C152D8AFC0097BCBA /* Foundation.framework in Frameworks */,
				64CFD56E152D8AFC0097BCBA /* UIKit.framework in Frameworks */,
				64CFD570152D8AFC0097BCBA /* CoreGraphics.framework in Frameworks */,
				64CFD572152D8AFC0097BCBA /* AddressBook.framework in Frameworks */,
				64CFD574152D8AFC0097BCBA /* AddressBookUI.framework in Frameworks */,
				64CFD576152D8AFC0097BCBA /* AudioToolbox.framework in Frameworks */,
				64CFD578152D8AFC0097BCBA /* AVFoundation.framework in Frameworks */,
				64CFD57A152D8AFC0097BCBA /* CoreLocation.framework in Frameworks */,
				64CFD57C152D8AFC0097BCBA /* MediaPlayer.framework in Frameworks */,
				64CFD57E152D8AFC0097BCBA /* QuartzCore.framework in Frameworks */,
				64CFD580152D8AFC0097BCBA /* SystemConfiguration.framework in Frameworks */,
				64CFD582152D8AFC0097BCBA /* MobileCoreServices.framework in Frameworks */,
				64CFD584152D8AFC0097BCBA /* CoreMedia.framework in Frameworks */,
				64CFD58F152D8AFD0097BCBA /* Cordova.framework in Frameworks */,
			);
			runOnlyForDeploymentPostprocessing = 0;
		};
		64CFD564152D8AFC0097BCBA /* Frameworks */ = {
			isa = PBXFrameworksBuildPhase;
			buildActionMask = 2147483647;
			files = (
			);
			runOnlyForDeploymentPostprocessing = 0;
		};
/* End PBXFrameworksBuildPhase section */

/* Begin PBXGroup section */
		64CFD559152D8AFC0097BCBA = {
			isa = PBXGroup;
			children = (
				64CFD585152D8AFC0097BCBA /* SODiPhone */,
				64CFD56A152D8AFC0097BCBA /* Frameworks */,
				64CFD568152D8AFC0097BCBA /* Products */,
			);
			sourceTree = "<group>";
		};
		64CFD568152D8AFC0097BCBA /* Products */ = {
			isa = PBXGroup;
			children = (
				64CFD567152D8AFC0097BCBA /* SODiPhone.app */,
			);
			name = Products;
			sourceTree = "<group>";
		};
		64CFD56A152D8AFC0097BCBA /* Frameworks */ = {
			isa = PBXGroup;
			children = (
				64CFD56B152D8AFC0097BCBA /* Foundation.framework */,
				64CFD56D152D8AFC0097BCBA /* UIKit.framework */,
				64CFD56F152D8AFC0097BCBA /* CoreGraphics.framework */,
				64CFD571152D8AFC0097BCBA /* AddressBook.framework */,
				64CFD573152D8AFC0097BCBA /* AddressBookUI.framework */,
				64CFD575152D8AFC0097BCBA /* AudioToolbox.framework */,
				64CFD577152D8AFC0097BCBA /* AVFoundation.framework */,
				64CFD579152D8AFC0097BCBA /* CoreLocation.framework */,
				64CFD57B152D8AFC0097BCBA /* MediaPlayer.framework */,
				64CFD57D152D8AFC0097BCBA /* QuartzCore.framework */,
				64CFD57F152D8AFC0097BCBA /* SystemConfiguration.framework */,
				64CFD581152D8AFC0097BCBA /* MobileCoreServices.framework */,
				64CFD583152D8AFC0097BCBA /* CoreMedia.framework */,
			);
			name = Frameworks;
			sourceTree = "<group>";
		};
		64CFD585152D8AFC0097BCBA /* SODiPhone */ = {
			isa = PBXGroup;
			children = (
				64CFD58E152D8AFD0097BCBA /* Cordova.framework */,
				64CFD590152D8AFD0097BCBA /* Resources */,
				64CFD5B1152D8AFD0097BCBA /* Classes */,
				64CFD5BA152D8AFD0097BCBA /* Plugins */,
				64CFD586152D8AFC0097BCBA /* Supporting Files */,
			);
			path = SODiPhone;
			sourceTree = "<group>";
		};
		64CFD586152D8AFC0097BCBA /* Supporting Files */ = {
			isa = PBXGroup;
			children = (
				64CFD587152D8AFD0097BCBA /* SODiPhone-Info.plist */,
				64CFD588152D8AFD0097BCBA /* InfoPlist.strings */,
				64CFD58B152D8AFD0097BCBA /* main.m */,
				64CFD58D152D8AFD0097BCBA /* SODiPhone-Prefix.pch */,
				64CFD5AF152D8AFD0097BCBA /* Cordova.plist */,
				64CFD5B8152D8AFD0097BCBA /* MainViewController.xib */,
				64CFD5BC152D8AFD0097BCBA /* verify.sh */,
			);
			name = "Supporting Files";
			sourceTree = "<group>";
		};
		64CFD590152D8AFD0097BCBA /* Resources */ = {
			isa = PBXGroup;
			children = (
				64CFD5AD152D8AFD0097BCBA /* Capture.bundle */,
				64CFD591152D8AFD0097BCBA /* en.lproj */,
				64CFD595152D8AFD0097BCBA /* es.lproj */,
				64CFD599152D8AFD0097BCBA /* de.lproj */,
				64CFD59D152D8AFD0097BCBA /* se.lproj */,
				64CFD5A1152D8AFD0097BCBA /* icons */,
				64CFD5A8152D8AFD0097BCBA /* splash */,
			);
			name = Resources;
			sourceTree = "<group>";
		};
		64CFD591152D8AFD0097BCBA /* en.lproj */ = {
			isa = PBXGroup;
			children = (
				64CFD592152D8AFD0097BCBA /* Localizable.strings */,
			);
			name = en.lproj;
			sourceTree = "<group>";
		};
		64CFD595152D8AFD0097BCBA /* es.lproj */ = {
			isa = PBXGroup;
			children = (
				64CFD596152D8AFD0097BCBA /* Localizable.strings */,
			);
			name = es.lproj;
			sourceTree = "<group>";
		};
		64CFD599152D8AFD0097BCBA /* de.lproj */ = {
			isa = PBXGroup;
			children = (
				64CFD59A152D8AFD0097BCBA /* Localizable.strings */,
			);
			name = de.lproj;
			sourceTree = "<group>";
		};
		64CFD59D152D8AFD0097BCBA /* se.lproj */ = {
			isa = PBXGroup;
			children = (
				64CFD59E152D8AFD0097BCBA /* Localizable.strings */,
			);
			name = se.lproj;
			sourceTree = "<group>";
		};
		64CFD5A1152D8AFD0097BCBA /* icons */ = {
			isa = PBXGroup;
			children = (
				64CFD5A2152D8AFD0097BCBA /* icon.png */,
				64CFD5A4152D8AFD0097BCBA /* icon@2x.png */,
				64CFD5A6152D8AFD0097BCBA /* icon-72.png */,
			);
			name = icons;
			sourceTree = "<group>";
		};
		64CFD5A8152D8AFD0097BCBA /* splash */ = {
			isa = PBXGroup;
			children = (
				64CFD5A9152D8AFD0097BCBA /* Default.png */,
				64CFD5AB152D8AFD0097BCBA /* Default@2x.png */,
			);
			name = splash;
			sourceTree = "<group>";
		};
		64CFD5B1152D8AFD0097BCBA /* Classes */ = {
			isa = PBXGroup;
			children = (
				64CFD5B2152D8AFD0097BCBA /* AppDelegate.h */,
				64CFD5B3152D8AFD0097BCBA /* AppDelegate.m */,
				64CFD5B5152D8AFD0097BCBA /* MainViewController.h */,
				64CFD5B6152D8AFD0097BCBA /* MainViewController.m */,
			);
			name = Classes;
			sourceTree = "<group>";
		};
		64CFD5BA152D8AFD0097BCBA /* Plugins */ = {
			isa = PBXGroup;
			children = (
				64CFD5BB152D8AFD0097BCBA /* README */,
			);
			name = Plugins;
			sourceTree = "<group>";
		};
/* End PBXGroup section */

/* Begin PBXNativeTarget section */
		64CFD566152D8AFC0097BCBA /* SODiPhone */ = {
			isa = PBXNativeTarget;
			buildConfigurationList = 64CFD5C0152D8AFD0097BCBA /* Build configuration list for PBXNativeTarget "SODiPhone" */;
			buildPhases = (
				64CFD560152D8AFC0097BCBA /* Sources */,
				64CFD561152D8AFC0097BCBA /* Frameworks */,
				64CFD562152D8AFC0097BCBA /* Resources */,
				64CFD563152D8AFC0097BCBA /* Sources */,
				64CFD564152D8AFC0097BCBA /* Frameworks */,
				64CFD565152D8AFC0097BCBA /* ShellScript */,
			);
			buildRules = (
			);
			dependencies = (
			);
			name = SODiPhone;
			productName = SODiPhone;
			productReference = 64CFD567152D8AFC0097BCBA /* SODiPhone.app */;
			productType = "com.apple.product-type.application";
		};
/* End PBXNativeTarget section */

/* Begin PBXProject section */
		64CFD55B152D8AFC0097BCBA /* Project object */ = {
			isa = PBXProject;
			attributes = {
				LastUpgradeCheck = 0430;
			};
			buildConfigurationList = 64CFD55E152D8AFC0097BCBA /* Build configuration list for PBXProject "SODiPhone" */;
			compatibilityVersion = "Xcode 3.2";
			developmentRegion = English;
			hasScannedForEncodings = 0;
			knownRegions = (
				en,
				es,
				de,
				se,
			);
			mainGroup = 64CFD559152D8AFC0097BCBA;
			productRefGroup = 64CFD568152D8AFC0097BCBA /* Products */;
			projectDirPath = "";
			projectRoot = "";
			targets = (
				64CFD566152D8AFC0097BCBA /* SODiPhone */,
			);
		};
/* End PBXProject section */

/* Begin PBXResourcesBuildPhase section */
		64CFD562152D8AFC0097BCBA /* Resources */ = {
			isa = PBXResourcesBuildPhase;
			buildActionMask = 2147483647;
			files = (
				64CFD58A152D8AFD0097BCBA /* InfoPlist.strings in Resources */,
				64CFD594152D8AFD0097BCBA /* Localizable.strings in Resources */,
				64CFD598152D8AFD0097BCBA /* Localizable.strings in Resources */,
				64CFD59C152D8AFD0097BCBA /* Localizable.strings in Resources */,
				64CFD5A0152D8AFD0097BCBA /* Localizable.strings in Resources */,
				64CFD5A3152D8AFD0097BCBA /* icon.png in Resources */,
				64CFD5A5152D8AFD0097BCBA /* icon@2x.png in Resources */,
				64CFD5A7152D8AFD0097BCBA /* icon-72.png in Resources */,
				64CFD5AA152D8AFD0097BCBA /* Default.png in Resources */,
				64CFD5AC152D8AFD0097BCBA /* Default@2x.png in Resources */,
				64CFD5AE152D8AFD0097BCBA /* Capture.bundle in Resources */,
				64CFD5B0152D8AFD0097BCBA /* Cordova.plist in Resources */,
				64CFD5B9152D8AFD0097BCBA /* MainViewController.xib in Resources */,
				64CFD5BD152D8AFD0097BCBA /* verify.sh in Resources */,
			);
			runOnlyForDeploymentPostprocessing = 0;
		};
/* End PBXResourcesBuildPhase section */

/* Begin PBXShellScriptBuildPhase section */
		64CFD565152D8AFC0097BCBA /* ShellScript */ = {
			isa = PBXShellScriptBuildPhase;
			buildActionMask = 2147483647;
			files = (
			);
			inputPaths = (
			);
			outputPaths = (
			);
			runOnlyForDeploymentPostprocessing = 0;
			shellPath = /bin/bash;
			shellScript = "\n\t\t\t\t\t\t\t\tchmod 755 $PROJECT_DIR/$PROJECT_NAME/verify.sh\n\t\t\t\t\t\t\t\t$PROJECT_DIR/$PROJECT_NAME/verify.sh\n\t\t\t\t\t";
		};
/* End PBXShellScriptBuildPhase section */

/* Begin PBXSourcesBuildPhase section */
		64CFD560152D8AFC0097BCBA /* Sources */ = {
			isa = PBXSourcesBuildPhase;
			buildActionMask = 2147483647;
			files = (
				64CFD58C152D8AFD0097BCBA /* main.m in Sources */,
				64CFD5B4152D8AFD0097BCBA /* AppDelegate.m in Sources */,
				64CFD5B7152D8AFD0097BCBA /* MainViewController.m in Sources */,
			);
			runOnlyForDeploymentPostprocessing = 0;
		};
		64CFD563152D8AFC0097BCBA /* Sources */ = {
			isa = PBXSourcesBuildPhase;
			buildActionMask = 2147483647;
			files = (
			);
			runOnlyForDeploymentPostprocessing = 0;
		};
/* End PBXSourcesBuildPhase section */

/* Begin PBXVariantGroup section */
		64CFD588152D8AFD0097BCBA /* InfoPlist.strings */ = {
			isa = PBXVariantGroup;
			children = (
				64CFD589152D8AFD0097BCBA /* en */,
			);
			name = InfoPlist.strings;
			sourceTree = "<group>";
		};
		64CFD592152D8AFD0097BCBA /* Localizable.strings */ = {
			isa = PBXVariantGroup;
			children = (
				64CFD593152D8AFD0097BCBA /* en */,
			);
			name = Localizable.strings;
			sourceTree = "<group>";
		};
		64CFD596152D8AFD0097BCBA /* Localizable.strings */ = {
			isa = PBXVariantGroup;
			children = (
				64CFD597152D8AFD0097BCBA /* es */,
			);
			name = Localizable.strings;
			sourceTree = "<group>";
		};
		64CFD59A152D8AFD0097BCBA /* Localizable.strings */ = {
			isa = PBXVariantGroup;
			children = (
				64CFD59B152D8AFD0097BCBA /* de */,
			);
			name = Localizable.strings;
			sourceTree = "<group>";
		};
		64CFD59E152D8AFD0097BCBA /* Localizable.strings */ = {
			isa = PBXVariantGroup;
			children = (
				64CFD59F152D8AFD0097BCBA /* se */,
			);
			name = Localizable.strings;
			sourceTree = "<group>";
		};
/* End PBXVariantGroup section */

/* Begin XCBuildConfiguration section */
		64CFD5BE152D8AFD0097BCBA /* Debug */ = {
			isa = XCBuildConfiguration;
			buildSettings = {
				ALWAYS_SEARCH_USER_PATHS = NO;
				ARCHS = (
					armv6,
					"$(ARCHS_STANDARD_32_BIT)",
				);
				"CODE_SIGN_IDENTITY[sdk=iphoneos*]" = "iPhone Developer";
				COPY_PHASE_STRIP = NO;
				GCC_C_LANGUAGE_STANDARD = gnu99;
				GCC_DYNAMIC_NO_PIC = NO;
				GCC_OPTIMIZATION_LEVEL = 0;
				GCC_PREPROCESSOR_DEFINITIONS = (
					"DEBUG=1",
					"$(inherited)",
				);
				GCC_SYMBOLS_PRIVATE_EXTERN = NO;
				GCC_VERSION = com.apple.compilers.llvm.clang.1_0;
				GCC_WARN_ABOUT_RETURN_TYPE = YES;
				GCC_WARN_UNINITIALIZED_AUTOS = YES;
				GCC_WARN_UNUSED_VARIABLE = YES;
				IPHONEOS_DEPLOYMENT_TARGET = 3.0;
				SDKROOT = iphoneos;
			};
			name = Debug;
		};
		64CFD5BF152D8AFD0097BCBA /* Release */ = {
			isa = XCBuildConfiguration;
			buildSettings = {
				ALWAYS_SEARCH_USER_PATHS = NO;
				ARCHS = (
					armv6,
					"$(ARCHS_STANDARD_32_BIT)",
				);
				"CODE_SIGN_IDENTITY[sdk=iphoneos*]" = "iPhone Developer";
				COPY_PHASE_STRIP = YES;
				GCC_C_LANGUAGE_STANDARD = gnu99;
				GCC_VERSION = com.apple.compilers.llvm.clang.1_0;
				GCC_WARN_ABOUT_RETURN_TYPE = YES;
				GCC_WARN_UNINITIALIZED_AUTOS = YES;
				GCC_WARN_UNUSED_VARIABLE = YES;
				IPHONEOS_DEPLOYMENT_TARGET = 3.0;
				SDKROOT = iphoneos;
				VALIDATE_PRODUCT = YES;
			};
			name = Release;
		};
		64CFD5C1152D8AFD0097BCBA /* Debug */ = {
			isa = XCBuildConfiguration;
			buildSettings = {
				ALWAYS_SEARCH_USER_PATHS = YES;
				COPY_PHASE_STRIP = NO;
				FRAMEWORK_SEARCH_PATHS = /Users/Shared/Cordova/Frameworks;
				GCC_DYNAMIC_NO_PIC = NO;
				GCC_PRECOMPILE_PREFIX_HEADER = YES;
				GCC_PREFIX_HEADER = "SODiPhone/SODiPhone-Prefix.pch";
				GCC_PREPROCESSOR_DEFINITIONS = (
					"DEBUG=1,",
					"CORDOVA_FRAMEWORK=1",
				);
				INFOPLIST_FILE = "SODiPhone/SODiPhone-Info.plist";
				OTHER_LDFLAGS = (
					"-weak_framework",
					UIKit,
					"-weak_framework",
					AVFoundation,
					"-weak_framework",
					CoreMedia,
					"-weak_library",
					/usr/lib/libSystem.B.dylib,
				);
				PRODUCT_NAME = "$(TARGET_NAME)";
				TARGETED_DEVICE_FAMILY = "1,2";
				WRAPPER_EXTENSION = app;
			};
			name = Debug;
		};
		64CFD5C2152D8AFD0097BCBA /* Release */ = {
			isa = XCBuildConfiguration;
			buildSettings = {
				ALWAYS_SEARCH_USER_PATHS = YES;
				COPY_PHASE_STRIP = YES;
				DEBUG_INFORMATION_FORMAT = "dwarf-with-dsym";
				FRAMEWORK_SEARCH_PATHS = /Users/Shared/Cordova/Frameworks;
				GCC_PRECOMPILE_PREFIX_HEADER = YES;
				GCC_PREFIX_HEADER = "SODiPhone/SODiPhone-Prefix.pch";
				GCC_PREPROCESSOR_DEFINITIONS = (
					"NDEBUG=1,",
					"CORDOVA_FRAMEWORK=1",
				);
				INFOPLIST_FILE = "SODiPhone/SODiPhone-Info.plist";
				OTHER_LDFLAGS = (
					"-weak_framework",
					UIKit,
					"-weak_framework",
					AVFoundation,
					"-weak_framework",
					CoreMedia,
					"-weak_library",
					/usr/lib/libSystem.B.dylib,
				);
				PRODUCT_NAME = "$(TARGET_NAME)";
				TARGETED_DEVICE_FAMILY = "1,2";
				VALIDATE_PRODUCT = YES;
				WRAPPER_EXTENSION = app;
			};
			name = Release;
		};
/* End XCBuildConfiguration section */

/* Begin XCConfigurationList section */
		64CFD55E152D8AFC0097BCBA /* Build configuration list for PBXProject "SODiPhone" */ = {
			isa = XCConfigurationList;
			buildConfigurations = (
				64CFD5BE152D8AFD0097BCBA /* Debug */,
				64CFD5BF152D8AFD0097BCBA /* Release */,
			);
			defaultConfigurationIsVisible = 0;
			defaultConfigurationName = Release;
		};
		64CFD5C0152D8AFD0097BCBA /* Build configuration list for PBXNativeTarget "SODiPhone" */ = {
			isa = XCConfigurationList;
			buildConfigurations = (
				64CFD5C1152D8AFD0097BCBA /* Debug */,
				64CFD5C2152D8AFD0097BCBA /* Release */,
			);
			defaultConfigurationIsVisible = 0;
		};
/* End XCConfigurationList section */
	};
	rootObject = 64CFD55B152D8AFC0097BCBA /* Project object */;
}
